
Microsoft Visual Studio Solution File, Format Version 12.00
# Visual Studio Version 17
VisualStudioVersion = 17.8.34330.188
MinimumVisualStudioVersion = 10.0.40219.1
Project("{FAE04EC0-301F-11D3-BF4B-00C04F79EFBC}") = "TipCalculator", "TipCalculator\TipCalculator.csproj", "{FDD87B38-DF08-4797-9E94-9AF72290C387}"
EndProject
Global
	GlobalSection(SolutionConfigurationPlatforms) = preSolution
		Debug|Any CPU = Debug|Any CPU
		Release|Any CPU = Release|Any CPU
	EndGlobalSection
	GlobalSection(ProjectConfigurationPlatforms) = postSolution
		{FDD87B38-DF08-4797-9E94-9AF72290C387}.Debug|Any CPU.ActiveCfg = Debug|Any CPU
		{FDD87B38-DF08-4797-9E94-9AF72290C387}.Debug|Any CPU.Build.0 = Debug|Any CPU
		{FDD87B38-DF08-4797-9E94-9AF72290C387}.Debug|Any CPU.Deploy.0 = Debug|Any CPU
		{FDD87B38-DF08-4797-9E94-9AF72290C387}.Release|Any CPU.ActiveCfg = Release|Any CPU
		{FDD87B38-DF08-4797-9E94-9AF72290C387}.Release|Any CPU.Build.0 = Release|Any CPU
		{FDD87B38-DF08-4797-9E94-9AF72290C387}.Release|Any CPU.Deploy.0 = Release|Any CPU
	EndGlobalSection
	GlobalSection(SolutionProperties) = preSolution
		HideSolutionNode = FALSE
	EndGlobalSection
	GlobalSection(ExtensibilityGlobals) = postSolution
		SolutionGuid = {6AF5C84F-83EB-4A31-9527-CB5684776429}
	EndGlobalSection
EndGlobal
